// !$*UTF8*$!
{
	archiveVersion = 1;
	classes = {
	};
	objectVersion = 55;
	objects = {

/* Begin PBXBuildFile section */
		A51231ED2807048C005A4267 /* VPNApp.swift in Sources */ = {isa = PBXBuildFile; fileRef = A51231EC2807048C005A4267 /* VPNApp.swift */; };
		A51231EF2807048C005A4267 /* ContentView.swift in Sources */ = {isa = PBXBuildFile; fileRef = A51231EE2807048C005A4267 /* ContentView.swift */; };
		A51231F128070490005A4267 /* Assets.xcassets in Resources */ = {isa = PBXBuildFile; fileRef = A51231F028070490005A4267 /* Assets.xcassets */; };
		A51231F428070490005A4267 /* Preview Assets.xcassets in Resources */ = {isa = PBXBuildFile; fileRef = A51231F328070490005A4267 /* Preview Assets.xcassets */; };
		A51231F628070490005A4267 /* Persistence.swift in Sources */ = {isa = PBXBuildFile; fileRef = A51231F528070490005A4267 /* Persistence.swift */; };
		A51231F928070490005A4267 /* VPN.xcdatamodeld in Sources */ = {isa = PBXBuildFile; fileRef = A51231F728070490005A4267 /* VPN.xcdatamodeld */; };
		A512320328070491005A4267 /* VPNTests.swift in Sources */ = {isa = PBXBuildFile; fileRef = A512320228070491005A4267 /* VPNTests.swift */; };
		A512320D28070491005A4267 /* VPNUITests.swift in Sources */ = {isa = PBXBuildFile; fileRef = A512320C28070491005A4267 /* VPNUITests.swift */; };
		A512320F28070491005A4267 /* VPNUITestsLaunchTests.swift in Sources */ = {isa = PBXBuildFile; fileRef = A512320E28070491005A4267 /* VPNUITestsLaunchTests.swift */; };
		A5123220280706CF005A4267 /* Home.swift in Sources */ = {isa = PBXBuildFile; fileRef = A512321F280706CF005A4267 /* Home.swift */; };
		A58A2A5928159CD100C89B57 /* SwiftUIView.swift in Sources */ = {isa = PBXBuildFile; fileRef = A58A2A5828159CD100C89B57 /* SwiftUIView.swift */; };
		A58A2AB2281A87FC00C89B57 /* SideMenu.swift in Sources */ = {isa = PBXBuildFile; fileRef = A58A2AB1281A87FC00C89B57 /* SideMenu.swift */; };
		A58A2AB4281A882E00C89B57 /* RatesView.swift in Sources */ = {isa = PBXBuildFile; fileRef = A58A2AB3281A882E00C89B57 /* RatesView.swift */; };
		A58A2AB6281A883A00C89B57 /* UserAgreementView.swift in Sources */ = {isa = PBXBuildFile; fileRef = A58A2AB5281A883A00C89B57 /* UserAgreementView.swift */; };
		A58A2AB8281A884500C89B57 /* AuthorizationView.swift in Sources */ = {isa = PBXBuildFile; fileRef = A58A2AB7281A884500C89B57 /* AuthorizationView.swift */; };
		A58A2ABA281A885200C89B57 /* ProfileView.swift in Sources */ = {isa = PBXBuildFile; fileRef = A58A2AB9281A885200C89B57 /* ProfileView.swift */; };
		A58A2AC4281A891500C89B57 /* BaseView.swift in Sources */ = {isa = PBXBuildFile; fileRef = A58A2AC3281A891500C89B57 /* BaseView.swift */; };
		A58A2AC6281ADC9C00C89B57 /* NavigationColor.swift in Sources */ = {isa = PBXBuildFile; fileRef = A58A2AC5281ADC9C00C89B57 /* NavigationColor.swift */; };
		A591656F280AF7E6009B57F4 /* Animation.swift in Sources */ = {isa = PBXBuildFile; fileRef = A591656E280AF7E6009B57F4 /* Animation.swift */; };
		A5916571280B030A009B57F4 /* Colors.swift in Sources */ = {isa = PBXBuildFile; fileRef = A5916570280B030A009B57F4 /* Colors.swift */; };
		A5916573280C4A79009B57F4 /* View.swift in Sources */ = {isa = PBXBuildFile; fileRef = A5916572280C4A79009B57F4 /* View.swift */; };
		A5916575280C4E53009B57F4 /* CustomCorners.swift in Sources */ = {isa = PBXBuildFile; fileRef = A5916574280C4E53009B57F4 /* CustomCorners.swift */; };
		A5916577280C83C7009B57F4 /* Server.swift in Sources */ = {isa = PBXBuildFile; fileRef = A5916576280C83C7009B57F4 /* Server.swift */; };
		A59165882811A2E8009B57F4 /* KeychainService.swift in Sources */ = {isa = PBXBuildFile; fileRef = A59165872811A2E8009B57F4 /* KeychainService.swift */; };
		A591658A2811A34B009B57F4 /* VPNManager.swift in Sources */ = {isa = PBXBuildFile; fileRef = A59165892811A34B009B57F4 /* VPNManager.swift */; };
		A591658C2811B4D7009B57F4 /* VPNIKEv2.swift in Sources */ = {isa = PBXBuildFile; fileRef = A591658B2811B4D7009B57F4 /* VPNIKEv2.swift */; };
		A591658E2812C860009B57F4 /* VPNManagerBeta.swift in Sources */ = {isa = PBXBuildFile; fileRef = A591658D2812C860009B57F4 /* VPNManagerBeta.swift */; };
		A59165922813209C009B57F4 /* VPNManagerAlpha.swift in Sources */ = {isa = PBXBuildFile; fileRef = A59165912813209C009B57F4 /* VPNManagerAlpha.swift */; };
		A5F43AEA281B0D9300FBABC0 /* MatrixThemeView.swift in Sources */ = {isa = PBXBuildFile; fileRef = A5F43AE9281B0D9300FBABC0 /* MatrixThemeView.swift */; };
		A5F43AED281B142300FBABC0 /* Toggle.swift in Sources */ = {isa = PBXBuildFile; fileRef = A5F43AEC281B142300FBABC0 /* Toggle.swift */; };
		A5F43AEF281B241900FBABC0 /* matrix code nfi.ttf in Resources */ = {isa = PBXBuildFile; fileRef = A5F43AEE281B241900FBABC0 /* matrix code nfi.ttf */; };
/* End PBXBuildFile section */

/* Begin PBXContainerItemProxy section */
		A51231FF28070491005A4267 /* PBXContainerItemProxy */ = {
			isa = PBXContainerItemProxy;
			containerPortal = A51231E12807048C005A4267 /* Project object */;
			proxyType = 1;
			remoteGlobalIDString = A51231E82807048C005A4267;
			remoteInfo = VPN;
		};
		A512320928070491005A4267 /* PBXContainerItemProxy */ = {
			isa = PBXContainerItemProxy;
			containerPortal = A51231E12807048C005A4267 /* Project object */;
			proxyType = 1;
			remoteGlobalIDString = A51231E82807048C005A4267;
			remoteInfo = VPN;
		};
/* End PBXContainerItemProxy section */

/* Begin PBXFileReference section */
		A51231E92807048C005A4267 /* VPN.app */ = {isa = PBXFileReference; explicitFileType = wrapper.application; includeInIndex = 0; path = VPN.app; sourceTree = BUILT_PRODUCTS_DIR; };
		A51231EC2807048C005A4267 /* VPNApp.swift */ = {isa = PBXFileReference; lastKnownFileType = sourcecode.swift; path = VPNApp.swift; sourceTree = "<group>"; };
		A51231EE2807048C005A4267 /* ContentView.swift */ = {isa = PBXFileReference; lastKnownFileType = sourcecode.swift; path = ContentView.swift; sourceTree = "<group>"; };
		A51231F028070490005A4267 /* Assets.xcassets */ = {isa = PBXFileReference; lastKnownFileType = folder.assetcatalog; path = Assets.xcassets; sourceTree = "<group>"; };
		A51231F328070490005A4267 /* Preview Assets.xcassets */ = {isa = PBXFileReference; lastKnownFileType = folder.assetcatalog; path = "Preview Assets.xcassets"; sourceTree = "<group>"; };
		A51231F528070490005A4267 /* Persistence.swift */ = {isa = PBXFileReference; lastKnownFileType = sourcecode.swift; path = Persistence.swift; sourceTree = "<group>"; };
		A51231F828070490005A4267 /* VPN.xcdatamodel */ = {isa = PBXFileReference; lastKnownFileType = wrapper.xcdatamodel; path = VPN.xcdatamodel; sourceTree = "<group>"; };
		A51231FE28070491005A4267 /* VPNTests.xctest */ = {isa = PBXFileReference; explicitFileType = wrapper.cfbundle; includeInIndex = 0; path = VPNTests.xctest; sourceTree = BUILT_PRODUCTS_DIR; };
		A512320228070491005A4267 /* VPNTests.swift */ = {isa = PBXFileReference; lastKnownFileType = sourcecode.swift; path = VPNTests.swift; sourceTree = "<group>"; };
		A512320828070491005A4267 /* VPNUITests.xctest */ = {isa = PBXFileReference; explicitFileType = wrapper.cfbundle; includeInIndex = 0; path = VPNUITests.xctest; sourceTree = BUILT_PRODUCTS_DIR; };
		A512320C28070491005A4267 /* VPNUITests.swift */ = {isa = PBXFileReference; lastKnownFileType = sourcecode.swift; path = VPNUITests.swift; sourceTree = "<group>"; };
		A512320E28070491005A4267 /* VPNUITestsLaunchTests.swift */ = {isa = PBXFileReference; lastKnownFileType = sourcecode.swift; path = VPNUITestsLaunchTests.swift; sourceTree = "<group>"; };
		A512321F280706CF005A4267 /* Home.swift */ = {isa = PBXFileReference; lastKnownFileType = sourcecode.swift; path = Home.swift; sourceTree = "<group>"; };
		A58A2A5828159CD100C89B57 /* SwiftUIView.swift */ = {isa = PBXFileReference; lastKnownFileType = sourcecode.swift; path = SwiftUIView.swift; sourceTree = "<group>"; };
		A58A2AB1281A87FC00C89B57 /* SideMenu.swift */ = {isa = PBXFileReference; lastKnownFileType = sourcecode.swift; path = SideMenu.swift; sourceTree = "<group>"; };
		A58A2AB3281A882E00C89B57 /* RatesView.swift */ = {isa = PBXFileReference; lastKnownFileType = sourcecode.swift; path = RatesView.swift; sourceTree = "<group>"; };
		A58A2AB5281A883A00C89B57 /* UserAgreementView.swift */ = {isa = PBXFileReference; lastKnownFileType = sourcecode.swift; path = UserAgreementView.swift; sourceTree = "<group>"; };
		A58A2AB7281A884500C89B57 /* AuthorizationView.swift */ = {isa = PBXFileReference; lastKnownFileType = sourcecode.swift; path = AuthorizationView.swift; sourceTree = "<group>"; };
		A58A2AB9281A885200C89B57 /* ProfileView.swift */ = {isa = PBXFileReference; lastKnownFileType = sourcecode.swift; path = ProfileView.swift; sourceTree = "<group>"; };
		A58A2AC3281A891500C89B57 /* BaseView.swift */ = {isa = PBXFileReference; lastKnownFileType = sourcecode.swift; path = BaseView.swift; sourceTree = "<group>"; };
		A58A2AC5281ADC9C00C89B57 /* NavigationColor.swift */ = {isa = PBXFileReference; lastKnownFileType = sourcecode.swift; path = NavigationColor.swift; sourceTree = "<group>"; };
		A591656E280AF7E6009B57F4 /* Animation.swift */ = {isa = PBXFileReference; lastKnownFileType = sourcecode.swift; path = Animation.swift; sourceTree = "<group>"; };
		A5916570280B030A009B57F4 /* Colors.swift */ = {isa = PBXFileReference; lastKnownFileType = sourcecode.swift; path = Colors.swift; sourceTree = "<group>"; };
		A5916572280C4A79009B57F4 /* View.swift */ = {isa = PBXFileReference; lastKnownFileType = sourcecode.swift; path = View.swift; sourceTree = "<group>"; };
		A5916574280C4E53009B57F4 /* CustomCorners.swift */ = {isa = PBXFileReference; lastKnownFileType = sourcecode.swift; path = CustomCorners.swift; sourceTree = "<group>"; };
		A5916576280C83C7009B57F4 /* Server.swift */ = {isa = PBXFileReference; lastKnownFileType = sourcecode.swift; path = Server.swift; sourceTree = "<group>"; };
		A59165872811A2E8009B57F4 /* KeychainService.swift */ = {isa = PBXFileReference; lastKnownFileType = sourcecode.swift; path = KeychainService.swift; sourceTree = "<group>"; };
		A59165892811A34B009B57F4 /* VPNManager.swift */ = {isa = PBXFileReference; lastKnownFileType = sourcecode.swift; path = VPNManager.swift; sourceTree = "<group>"; };
		A591658B2811B4D7009B57F4 /* VPNIKEv2.swift */ = {isa = PBXFileReference; lastKnownFileType = sourcecode.swift; path = VPNIKEv2.swift; sourceTree = "<group>"; };
		A591658D2812C860009B57F4 /* VPNManagerBeta.swift */ = {isa = PBXFileReference; lastKnownFileType = sourcecode.swift; path = VPNManagerBeta.swift; sourceTree = "<group>"; };
		A59165902812D704009B57F4 /* VPN.entitlements */ = {isa = PBXFileReference; lastKnownFileType = text.plist.entitlements; path = VPN.entitlements; sourceTree = "<group>"; };
		A59165912813209C009B57F4 /* VPNManagerAlpha.swift */ = {isa = PBXFileReference; lastKnownFileType = sourcecode.swift; path = VPNManagerAlpha.swift; sourceTree = "<group>"; };
		A5F43AE9281B0D9300FBABC0 /* MatrixThemeView.swift */ = {isa = PBXFileReference; lastKnownFileType = sourcecode.swift; path = MatrixThemeView.swift; sourceTree = "<group>"; };
		A5F43AEC281B142300FBABC0 /* Toggle.swift */ = {isa = PBXFileReference; lastKnownFileType = sourcecode.swift; path = Toggle.swift; sourceTree = "<group>"; };
		A5F43AEE281B241900FBABC0 /* matrix code nfi.ttf */ = {isa = PBXFileReference; lastKnownFileType = file; path = "matrix code nfi.ttf"; sourceTree = "<group>"; };
		A5F43AF0281B243500FBABC0 /* Info.plist */ = {isa = PBXFileReference; lastKnownFileType = text.plist; path = Info.plist; sourceTree = "<group>"; };
/* End PBXFileReference section */

/* Begin PBXFrameworksBuildPhase section */
		A51231E62807048C005A4267 /* Frameworks */ = {
			isa = PBXFrameworksBuildPhase;
			buildActionMask = 2147483647;
			files = (
			);
			runOnlyForDeploymentPostprocessing = 0;
		};
		A51231FB28070491005A4267 /* Frameworks */ = {
			isa = PBXFrameworksBuildPhase;
			buildActionMask = 2147483647;
			files = (
			);
			runOnlyForDeploymentPostprocessing = 0;
		};
		A512320528070491005A4267 /* Frameworks */ = {
			isa = PBXFrameworksBuildPhase;
			buildActionMask = 2147483647;
			files = (
			);
			runOnlyForDeploymentPostprocessing = 0;
		};
/* End PBXFrameworksBuildPhase section */

/* Begin PBXGroup section */
		A51231E02807048C005A4267 = {
			isa = PBXGroup;
			children = (
				A5F43AEE281B241900FBABC0 /* matrix code nfi.ttf */,
				A51231EB2807048C005A4267 /* VPN */,
				A512320128070491005A4267 /* VPNTests */,
				A512320B28070491005A4267 /* VPNUITests */,
				A51231EA2807048C005A4267 /* Products */,
			);
			sourceTree = "<group>";
		};
		A51231EA2807048C005A4267 /* Products */ = {
			isa = PBXGroup;
			children = (
				A51231E92807048C005A4267 /* VPN.app */,
				A51231FE28070491005A4267 /* VPNTests.xctest */,
				A512320828070491005A4267 /* VPNUITests.xctest */,
			);
			name = Products;
			sourceTree = "<group>";
		};
		A51231EB2807048C005A4267 /* VPN */ = {
			isa = PBXGroup;
			children = (
				A5F43AF0281B243500FBABC0 /* Info.plist */,
				A59165902812D704009B57F4 /* VPN.entitlements */,
				A512321C28070575005A4267 /* Model */,
				A591656D280AF7C1009B57F4 /* Extensions & methods */,
				A512321B2807055D005A4267 /* View */,
				A51231EC2807048C005A4267 /* VPNApp.swift */,
				A51231EE2807048C005A4267 /* ContentView.swift */,
				A51231F028070490005A4267 /* Assets.xcassets */,
				A51231F528070490005A4267 /* Persistence.swift */,
				A51231F728070490005A4267 /* VPN.xcdatamodeld */,
				A51231F228070490005A4267 /* Preview Content */,
			);
			path = VPN;
			sourceTree = "<group>";
		};
		A51231F228070490005A4267 /* Preview Content */ = {
			isa = PBXGroup;
			children = (
				A51231F328070490005A4267 /* Preview Assets.xcassets */,
				A58A2A5828159CD100C89B57 /* SwiftUIView.swift */,
			);
			path = "Preview Content";
			sourceTree = "<group>";
		};
		A512320128070491005A4267 /* VPNTests */ = {
			isa = PBXGroup;
			children = (
				A512320228070491005A4267 /* VPNTests.swift */,
			);
			path = VPNTests;
			sourceTree = "<group>";
		};
		A512320B28070491005A4267 /* VPNUITests */ = {
			isa = PBXGroup;
			children = (
				A512320C28070491005A4267 /* VPNUITests.swift */,
				A512320E28070491005A4267 /* VPNUITestsLaunchTests.swift */,
			);
			path = VPNUITests;
			sourceTree = "<group>";
		};
		A512321B2807055D005A4267 /* View */ = {
			isa = PBXGroup;
			children = (
				A5F43AF2281EAE8F00FBABC0 /* Themes */,
				A5916578280DF63F009B57F4 /* Menu */,
				A512321F280706CF005A4267 /* Home.swift */,
			);
			path = View;
			sourceTree = "<group>";
		};
		A512321C28070575005A4267 /* Model */ = {
			isa = PBXGroup;
			children = (
				A591658F2812D1ED009B57F4 /* Different IKEv2 models */,
				A5916576280C83C7009B57F4 /* Server.swift */,
				A59165872811A2E8009B57F4 /* KeychainService.swift */,
			);
			path = Model;
			sourceTree = "<group>";
		};
		A591656D280AF7C1009B57F4 /* Extensions & methods */ = {
			isa = PBXGroup;
			children = (
				A5916574280C4E53009B57F4 /* CustomCorners.swift */,
				A591656E280AF7E6009B57F4 /* Animation.swift */,
				A5916570280B030A009B57F4 /* Colors.swift */,
				A5F43AEC281B142300FBABC0 /* Toggle.swift */,
				A5916572280C4A79009B57F4 /* View.swift */,
				A58A2AC5281ADC9C00C89B57 /* NavigationColor.swift */,
			);
			path = "Extensions & methods";
			sourceTree = "<group>";
		};
		A5916578280DF63F009B57F4 /* Menu */ = {
			isa = PBXGroup;
			children = (
				A58A2AB1281A87FC00C89B57 /* SideMenu.swift */,
				A58A2AC3281A891500C89B57 /* BaseView.swift */,
				A5F43AF1281C311400FBABC0 /* Items */,
			);
			path = Menu;
			sourceTree = "<group>";
		};
		A591658F2812D1ED009B57F4 /* Different IKEv2 models */ = {
			isa = PBXGroup;
			children = (
				A591658B2811B4D7009B57F4 /* VPNIKEv2.swift */,
				A591658D2812C860009B57F4 /* VPNManagerBeta.swift */,
				A59165912813209C009B57F4 /* VPNManagerAlpha.swift */,
				A59165892811A34B009B57F4 /* VPNManager.swift */,
			);
			path = "Different IKEv2 models";
			sourceTree = "<group>";
		};
		A5F43AF1281C311400FBABC0 /* Items */ = {
			isa = PBXGroup;
			children = (
				A58A2AB9281A885200C89B57 /* ProfileView.swift */,
				A58A2AB3281A882E00C89B57 /* RatesView.swift */,
				A58A2AB5281A883A00C89B57 /* UserAgreementView.swift */,
				A58A2AB7281A884500C89B57 /* AuthorizationView.swift */,
			);
			path = Items;
			sourceTree = "<group>";
		};
		A5F43AF2281EAE8F00FBABC0 /* Themes */ = {
			isa = PBXGroup;
			children = (
				A5F43AE9281B0D9300FBABC0 /* MatrixThemeView.swift */,
			);
			path = Themes;
			sourceTree = "<group>";
		};
/* End PBXGroup section */

/* Begin PBXNativeTarget section */
		A51231E82807048C005A4267 /* VPN */ = {
			isa = PBXNativeTarget;
			buildConfigurationList = A512321228070491005A4267 /* Build configuration list for PBXNativeTarget "VPN" */;
			buildPhases = (
				A51231E52807048C005A4267 /* Sources */,
				A51231E62807048C005A4267 /* Frameworks */,
				A51231E72807048C005A4267 /* Resources */,
			);
			buildRules = (
			);
			dependencies = (
			);
			name = VPN;
			productName = VPN;
			productReference = A51231E92807048C005A4267 /* VPN.app */;
			productType = "com.apple.product-type.application";
		};
		A51231FD28070491005A4267 /* VPNTests */ = {
			isa = PBXNativeTarget;
			buildConfigurationList = A512321528070491005A4267 /* Build configuration list for PBXNativeTarget "VPNTests" */;
			buildPhases = (
				A51231FA28070491005A4267 /* Sources */,
				A51231FB28070491005A4267 /* Frameworks */,
				A51231FC28070491005A4267 /* Resources */,
			);
			buildRules = (
			);
			dependencies = (
				A512320028070491005A4267 /* PBXTargetDependency */,
			);
			name = VPNTests;
			productName = VPNTests;
			productReference = A51231FE28070491005A4267 /* VPNTests.xctest */;
			productType = "com.apple.product-type.bundle.unit-test";
		};
		A512320728070491005A4267 /* VPNUITests */ = {
			isa = PBXNativeTarget;
			buildConfigurationList = A512321828070491005A4267 /* Build configuration list for PBXNativeTarget "VPNUITests" */;
			buildPhases = (
				A512320428070491005A4267 /* Sources */,
				A512320528070491005A4267 /* Frameworks */,
				A512320628070491005A4267 /* Resources */,
			);
			buildRules = (
			);
			dependencies = (
				A512320A28070491005A4267 /* PBXTargetDependency */,
			);
			name = VPNUITests;
			productName = VPNUITests;
			productReference = A512320828070491005A4267 /* VPNUITests.xctest */;
			productType = "com.apple.product-type.bundle.ui-testing";
		};
/* End PBXNativeTarget section */

/* Begin PBXProject section */
		A51231E12807048C005A4267 /* Project object */ = {
			isa = PBXProject;
			attributes = {
				BuildIndependentTargetsInParallel = 1;
				LastSwiftUpdateCheck = 1320;
				LastUpgradeCheck = 1320;
				TargetAttributes = {
					A51231E82807048C005A4267 = {
						CreatedOnToolsVersion = 13.2.1;
					};
					A51231FD28070491005A4267 = {
						CreatedOnToolsVersion = 13.2.1;
						TestTargetID = A51231E82807048C005A4267;
					};
					A512320728070491005A4267 = {
						CreatedOnToolsVersion = 13.2.1;
						TestTargetID = A51231E82807048C005A4267;
					};
				};
			};
			buildConfigurationList = A51231E42807048C005A4267 /* Build configuration list for PBXProject "VPN" */;
			compatibilityVersion = "Xcode 13.0";
			developmentRegion = en;
			hasScannedForEncodings = 0;
			knownRegions = (
				en,
				Base,
			);
			mainGroup = A51231E02807048C005A4267;
			productRefGroup = A51231EA2807048C005A4267 /* Products */;
			projectDirPath = "";
			projectRoot = "";
			targets = (
				A51231E82807048C005A4267 /* VPN */,
				A51231FD28070491005A4267 /* VPNTests */,
				A512320728070491005A4267 /* VPNUITests */,
			);
		};
/* End PBXProject section */

/* Begin PBXResourcesBuildPhase section */
		A51231E72807048C005A4267 /* Resources */ = {
			isa = PBXResourcesBuildPhase;
			buildActionMask = 2147483647;
			files = (
				A5F43AEF281B241900FBABC0 /* matrix code nfi.ttf in Resources */,
				A51231F428070490005A4267 /* Preview Assets.xcassets in Resources */,
				A51231F128070490005A4267 /* Assets.xcassets in Resources */,
			);
			runOnlyForDeploymentPostprocessing = 0;
		};
		A51231FC28070491005A4267 /* Resources */ = {
			isa = PBXResourcesBuildPhase;
			buildActionMask = 2147483647;
			files = (
			);
			runOnlyForDeploymentPostprocessing = 0;
		};
		A512320628070491005A4267 /* Resources */ = {
			isa = PBXResourcesBuildPhase;
			buildActionMask = 2147483647;
			files = (
			);
			runOnlyForDeploymentPostprocessing = 0;
		};
/* End PBXResourcesBuildPhase section */

/* Begin PBXSourcesBuildPhase section */
		A51231E52807048C005A4267 /* Sources */ = {
			isa = PBXSourcesBuildPhase;
			buildActionMask = 2147483647;
			files = (
				A5916577280C83C7009B57F4 /* Server.swift in Sources */,
				A59165922813209C009B57F4 /* VPNManagerAlpha.swift in Sources */,
				A5916573280C4A79009B57F4 /* View.swift in Sources */,
				A5916575280C4E53009B57F4 /* CustomCorners.swift in Sources */,
				A51231F928070490005A4267 /* VPN.xcdatamodeld in Sources */,
				A51231F628070490005A4267 /* Persistence.swift in Sources */,
				A58A2AC6281ADC9C00C89B57 /* NavigationColor.swift in Sources */,
				A58A2ABA281A885200C89B57 /* ProfileView.swift in Sources */,
				A5123220280706CF005A4267 /* Home.swift in Sources */,
				A58A2AB4281A882E00C89B57 /* RatesView.swift in Sources */,
				A591658A2811A34B009B57F4 /* VPNManager.swift in Sources */,
				A58A2A5928159CD100C89B57 /* SwiftUIView.swift in Sources */,
				A58A2AC4281A891500C89B57 /* BaseView.swift in Sources */,
				A591658E2812C860009B57F4 /* VPNManagerBeta.swift in Sources */,
				A58A2AB2281A87FC00C89B57 /* SideMenu.swift in Sources */,
				A5916571280B030A009B57F4 /* Colors.swift in Sources */,
				A58A2AB8281A884500C89B57 /* AuthorizationView.swift in Sources */,
				A58A2AB6281A883A00C89B57 /* UserAgreementView.swift in Sources */,
				A51231EF2807048C005A4267 /* ContentView.swift in Sources */,
				A59165882811A2E8009B57F4 /* KeychainService.swift in Sources */,
				A591656F280AF7E6009B57F4 /* Animation.swift in Sources */,
				A5F43AED281B142300FBABC0 /* Toggle.swift in Sources */,
				A5F43AEA281B0D9300FBABC0 /* MatrixThemeView.swift in Sources */,
				A591658C2811B4D7009B57F4 /* VPNIKEv2.swift in Sources */,
				A51231ED2807048C005A4267 /* VPNApp.swift in Sources */,
			);
			runOnlyForDeploymentPostprocessing = 0;
		};
		A51231FA28070491005A4267 /* Sources */ = {
			isa = PBXSourcesBuildPhase;
			buildActionMask = 2147483647;
			files = (
				A512320328070491005A4267 /* VPNTests.swift in Sources */,
			);
			runOnlyForDeploymentPostprocessing = 0;
		};
		A512320428070491005A4267 /* Sources */ = {
			isa = PBXSourcesBuildPhase;
			buildActionMask = 2147483647;
			files = (
				A512320D28070491005A4267 /* VPNUITests.swift in Sources */,
				A512320F28070491005A4267 /* VPNUITestsLaunchTests.swift in Sources */,
			);
			runOnlyForDeploymentPostprocessing = 0;
		};
/* End PBXSourcesBuildPhase section */

/* Begin PBXTargetDependency section */
		A512320028070491005A4267 /* PBXTargetDependency */ = {
			isa = PBXTargetDependency;
			target = A51231E82807048C005A4267 /* VPN */;
			targetProxy = A51231FF28070491005A4267 /* PBXContainerItemProxy */;
		};
		A512320A28070491005A4267 /* PBXTargetDependency */ = {
			isa = PBXTargetDependency;
			target = A51231E82807048C005A4267 /* VPN */;
			targetProxy = A512320928070491005A4267 /* PBXContainerItemProxy */;
		};
/* End PBXTargetDependency section */

/* Begin XCBuildConfiguration section */
		A512321028070491005A4267 /* Debug */ = {
			isa = XCBuildConfiguration;
			buildSettings = {
				ALWAYS_SEARCH_USER_PATHS = NO;
				CLANG_ANALYZER_NONNULL = YES;
				CLANG_ANALYZER_NUMBER_OBJECT_CONVERSION = YES_AGGRESSIVE;
				CLANG_CXX_LANGUAGE_STANDARD = "gnu++17";
				CLANG_CXX_LIBRARY = "libc++";
				CLANG_ENABLE_MODULES = YES;
				CLANG_ENABLE_OBJC_ARC = YES;
				CLANG_ENABLE_OBJC_WEAK = YES;
				CLANG_WARN_BLOCK_CAPTURE_AUTORELEASING = YES;
				CLANG_WARN_BOOL_CONVERSION = YES;
				CLANG_WARN_COMMA = YES;
				CLANG_WARN_CONSTANT_CONVERSION = YES;
				CLANG_WARN_DEPRECATED_OBJC_IMPLEMENTATIONS = YES;
				CLANG_WARN_DIRECT_OBJC_ISA_USAGE = YES_ERROR;
				CLANG_WARN_DOCUMENTATION_COMMENTS = YES;
				CLANG_WARN_EMPTY_BODY = YES;
				CLANG_WARN_ENUM_CONVERSION = YES;
				CLANG_WARN_INFINITE_RECURSION = YES;
				CLANG_WARN_INT_CONVERSION = YES;
				CLANG_WARN_NON_LITERAL_NULL_CONVERSION = YES;
				CLANG_WARN_OBJC_IMPLICIT_RETAIN_SELF = YES;
				CLANG_WARN_OBJC_LITERAL_CONVERSION = YES;
				CLANG_WARN_OBJC_ROOT_CLASS = YES_ERROR;
				CLANG_WARN_QUOTED_INCLUDE_IN_FRAMEWORK_HEADER = YES;
				CLANG_WARN_RANGE_LOOP_ANALYSIS = YES;
				CLANG_WARN_STRICT_PROTOTYPES = YES;
				CLANG_WARN_SUSPICIOUS_MOVE = YES;
				CLANG_WARN_UNGUARDED_AVAILABILITY = YES_AGGRESSIVE;
				CLANG_WARN_UNREACHABLE_CODE = YES;
				CLANG_WARN__DUPLICATE_METHOD_MATCH = YES;
				COPY_PHASE_STRIP = NO;
				DEBUG_INFORMATION_FORMAT = dwarf;
				ENABLE_STRICT_OBJC_MSGSEND = YES;
				ENABLE_TESTABILITY = YES;
				GCC_C_LANGUAGE_STANDARD = gnu11;
				GCC_DYNAMIC_NO_PIC = NO;
				GCC_NO_COMMON_BLOCKS = YES;
				GCC_OPTIMIZATION_LEVEL = 0;
				GCC_PREPROCESSOR_DEFINITIONS = (
					"DEBUG=1",
					"$(inherited)",
				);
				GCC_WARN_64_TO_32_BIT_CONVERSION = YES;
				GCC_WARN_ABOUT_RETURN_TYPE = YES_ERROR;
				GCC_WARN_UNDECLARED_SELECTOR = YES;
				GCC_WARN_UNINITIALIZED_AUTOS = YES_AGGRESSIVE;
				GCC_WARN_UNUSED_FUNCTION = YES;
				GCC_WARN_UNUSED_VARIABLE = YES;
				IPHONEOS_DEPLOYMENT_TARGET = 15.2;
				MTL_ENABLE_DEBUG_INFO = INCLUDE_SOURCE;
				MTL_FAST_MATH = YES;
				ONLY_ACTIVE_ARCH = YES;
				SDKROOT = iphoneos;
				SWIFT_ACTIVE_COMPILATION_CONDITIONS = DEBUG;
				SWIFT_OPTIMIZATION_LEVEL = "-Onone";
			};
			name = Debug;
		};
		A512321128070491005A4267 /* Release */ = {
			isa = XCBuildConfiguration;
			buildSettings = {
				ALWAYS_SEARCH_USER_PATHS = NO;
				CLANG_ANALYZER_NONNULL = YES;
				CLANG_ANALYZER_NUMBER_OBJECT_CONVERSION = YES_AGGRESSIVE;
				CLANG_CXX_LANGUAGE_STANDARD = "gnu++17";
				CLANG_CXX_LIBRARY = "libc++";
				CLANG_ENABLE_MODULES = YES;
				CLANG_ENABLE_OBJC_ARC = YES;
				CLANG_ENABLE_OBJC_WEAK = YES;
				CLANG_WARN_BLOCK_CAPTURE_AUTORELEASING = YES;
				CLANG_WARN_BOOL_CONVERSION = YES;
				CLANG_WARN_COMMA = YES;
				CLANG_WARN_CONSTANT_CONVERSION = YES;
				CLANG_WARN_DEPRECATED_OBJC_IMPLEMENTATIONS = YES;
				CLANG_WARN_DIRECT_OBJC_ISA_USAGE = YES_ERROR;
				CLANG_WARN_DOCUMENTATION_COMMENTS = YES;
				CLANG_WARN_EMPTY_BODY = YES;
				CLANG_WARN_ENUM_CONVERSION = YES;
				CLANG_WARN_INFINITE_RECURSION = YES;
				CLANG_WARN_INT_CONVERSION = YES;
				CLANG_WARN_NON_LITERAL_NULL_CONVERSION = YES;
				CLANG_WARN_OBJC_IMPLICIT_RETAIN_SELF = YES;
				CLANG_WARN_OBJC_LITERAL_CONVERSION = YES;
				CLANG_WARN_OBJC_ROOT_CLASS = YES_ERROR;
				CLANG_WARN_QUOTED_INCLUDE_IN_FRAMEWORK_HEADER = YES;
				CLANG_WARN_RANGE_LOOP_ANALYSIS = YES;
				CLANG_WARN_STRICT_PROTOTYPES = YES;
				CLANG_WARN_SUSPICIOUS_MOVE = YES;
				CLANG_WARN_UNGUARDED_AVAILABILITY = YES_AGGRESSIVE;
				CLANG_WARN_UNREACHABLE_CODE = YES;
				CLANG_WARN__DUPLICATE_METHOD_MATCH = YES;
				COPY_PHASE_STRIP = NO;
				DEBUG_INFORMATION_FORMAT = "dwarf-with-dsym";
				ENABLE_NS_ASSERTIONS = NO;
				ENABLE_STRICT_OBJC_MSGSEND = YES;
				GCC_C_LANGUAGE_STANDARD = gnu11;
				GCC_NO_COMMON_BLOCKS = YES;
				GCC_WARN_64_TO_32_BIT_CONVERSION = YES;
				GCC_WARN_ABOUT_RETURN_TYPE = YES_ERROR;
				GCC_WARN_UNDECLARED_SELECTOR = YES;
				GCC_WARN_UNINITIALIZED_AUTOS = YES_AGGRESSIVE;
				GCC_WARN_UNUSED_FUNCTION = YES;
				GCC_WARN_UNUSED_VARIABLE = YES;
				IPHONEOS_DEPLOYMENT_TARGET = 15.2;
				MTL_ENABLE_DEBUG_INFO = NO;
				MTL_FAST_MATH = YES;
				SDKROOT = iphoneos;
				SWIFT_COMPILATION_MODE = wholemodule;
				SWIFT_OPTIMIZATION_LEVEL = "-O";
				VALIDATE_PRODUCT = YES;
			};
			name = Release;
		};
		A512321328070491005A4267 /* Debug */ = {
			isa = XCBuildConfiguration;
			buildSettings = {
				ASSETCATALOG_COMPILER_APPICON_NAME = AppIcon;
				ASSETCATALOG_COMPILER_GLOBAL_ACCENT_COLOR_NAME = AccentColor;
				CODE_SIGN_ENTITLEMENTS = VPN/VPN.entitlements;
				CODE_SIGN_STYLE = Automatic;
				CURRENT_PROJECT_VERSION = 1;
				DEVELOPMENT_ASSET_PATHS = "\"VPN/Preview Content\"";
				DEVELOPMENT_TEAM = HAK4X77QFJ;
				ENABLE_PREVIEWS = YES;
				GENERATE_INFOPLIST_FILE = YES;
				INFOPLIST_FILE = VPN/Info.plist;
				INFOPLIST_KEY_UIApplicationSceneManifest_Generation = YES;
				INFOPLIST_KEY_UIApplicationSupportsIndirectInputEvents = YES;
				INFOPLIST_KEY_UILaunchScreen_Generation = YES;
				INFOPLIST_KEY_UISupportedInterfaceOrientations_iPad = UIInterfaceOrientationPortrait;
				INFOPLIST_KEY_UISupportedInterfaceOrientations_iPhone = UIInterfaceOrientationPortrait;
				LD_RUNPATH_SEARCH_PATHS = (
					"$(inherited)",
					"@executable_path/Frameworks",
				);
				MARKETING_VERSION = 1.0;
				PRODUCT_BUNDLE_IDENTIFIER = "Sergey-Karavaev.VPN";
				PRODUCT_NAME = "$(TARGET_NAME)";
				SWIFT_EMIT_LOC_STRINGS = YES;
				SWIFT_VERSION = 5.0;
				TARGETED_DEVICE_FAMILY = "1,2";
			};
			name = Debug;
		};
		A512321428070491005A4267 /* Release */ = {
			isa = XCBuildConfiguration;
			buildSettings = {
				ASSETCATALOG_COMPILER_APPICON_NAME = AppIcon;
				ASSETCATALOG_COMPILER_GLOBAL_ACCENT_COLOR_NAME = AccentColor;
				CODE_SIGN_ENTITLEMENTS = VPN/VPN.entitlements;
				CODE_SIGN_STYLE = Automatic;
				CURRENT_PROJECT_VERSION = 1;
				DEVELOPMENT_ASSET_PATHS = "\"VPN/Preview Content\"";
				DEVELOPMENT_TEAM = HAK4X77QFJ;
				ENABLE_PREVIEWS = YES;
				GENERATE_INFOPLIST_FILE = YES;
				INFOPLIST_FILE = VPN/Info.plist;
				INFOPLIST_KEY_UIApplicationSceneManifest_Generation = YES;
				INFOPLIST_KEY_UIApplicationSupportsIndirectInputEvents = YES;
				INFOPLIST_KEY_UILaunchScreen_Generation = YES;
				INFOPLIST_KEY_UISupportedInterfaceOrientations_iPad = UIInterfaceOrientationPortrait;
				INFOPLIST_KEY_UISupportedInterfaceOrientations_iPhone = UIInterfaceOrientationPortrait;
				LD_RUNPATH_SEARCH_PATHS = (
					"$(inherited)",
					"@executable_path/Frameworks",
				);
				MARKETING_VERSION = 1.0;
				PRODUCT_BUNDLE_IDENTIFIER = "Sergey-Karavaev.VPN";
				PRODUCT_NAME = "$(TARGET_NAME)";
				SWIFT_EMIT_LOC_STRINGS = YES;
				SWIFT_VERSION = 5.0;
				TARGETED_DEVICE_FAMILY = "1,2";
			};
			name = Release;
		};
		A512321628070491005A4267 /* Debug */ = {
			isa = XCBuildConfiguration;
			buildSettings = {
				ALWAYS_EMBED_SWIFT_STANDARD_LIBRARIES = YES;
				BUNDLE_LOADER = "$(TEST_HOST)";
				CODE_SIGN_STYLE = Automatic;
				CURRENT_PROJECT_VERSION = 1;
				DEVELOPMENT_TEAM = H8H54D2ZMF;
				GENERATE_INFOPLIST_FILE = YES;
				IPHONEOS_DEPLOYMENT_TARGET = 15.2;
				MARKETING_VERSION = 1.0;
				PRODUCT_BUNDLE_IDENTIFIER = "Sergey-Karavaev.VPNTests";
				PRODUCT_NAME = "$(TARGET_NAME)";
				SWIFT_EMIT_LOC_STRINGS = NO;
				SWIFT_VERSION = 5.0;
				TARGETED_DEVICE_FAMILY = "1,2";
				TEST_HOST = "$(BUILT_PRODUCTS_DIR)/VPN.app/VPN";
			};
			name = Debug;
		};
		A512321728070491005A4267 /* Release */ = {
			isa = XCBuildConfiguration;
			buildSettings = {
				ALWAYS_EMBED_SWIFT_STANDARD_LIBRARIES = YES;
				BUNDLE_LOADER = "$(TEST_HOST)";
				CODE_SIGN_STYLE = Automatic;
				CURRENT_PROJECT_VERSION = 1;
				DEVELOPMENT_TEAM = H8H54D2ZMF;
				GENERATE_INFOPLIST_FILE = YES;
				IPHONEOS_DEPLOYMENT_TARGET = 15.2;
				MARKETING_VERSION = 1.0;
				PRODUCT_BUNDLE_IDENTIFIER = "Sergey-Karavaev.VPNTests";
				PRODUCT_NAME = "$(TARGET_NAME)";
				SWIFT_EMIT_LOC_STRINGS = NO;
				SWIFT_VERSION = 5.0;
				TARGETED_DEVICE_FAMILY = "1,2";
				TEST_HOST = "$(BUILT_PRODUCTS_DIR)/VPN.app/VPN";
			};
			name = Release;
		};
		A512321928070491005A4267 /* Debug */ = {
			isa = XCBuildConfiguration;
			buildSettings = {
				ALWAYS_EMBED_SWIFT_STANDARD_LIBRARIES = YES;
				CODE_SIGN_STYLE = Automatic;
				CURRENT_PROJECT_VERSION = 1;
				DEVELOPMENT_TEAM = H8H54D2ZMF;
				GENERATE_INFOPLIST_FILE = YES;
				MARKETING_VERSION = 1.0;
				PRODUCT_BUNDLE_IDENTIFIER = "Sergey-Karavaev.VPNUITests";
				PRODUCT_NAME = "$(TARGET_NAME)";
				SWIFT_EMIT_LOC_STRINGS = NO;
				SWIFT_VERSION = 5.0;
				TARGETED_DEVICE_FAMILY = "1,2";
				TEST_TARGET_NAME = VPN;
			};
			name = Debug;
		};
		A512321A28070491005A4267 /* Release */ = {
			isa = XCBuildConfiguration;
			buildSettings = {
				ALWAYS_EMBED_SWIFT_STANDARD_LIBRARIES = YES;
				CODE_SIGN_STYLE = Automatic;
				CURRENT_PROJECT_VERSION = 1;
				DEVELOPMENT_TEAM = H8H54D2ZMF;
				GENERATE_INFOPLIST_FILE = YES;
				MARKETING_VERSION = 1.0;
				PRODUCT_BUNDLE_IDENTIFIER = "Sergey-Karavaev.VPNUITests";
				PRODUCT_NAME = "$(TARGET_NAME)";
				SWIFT_EMIT_LOC_STRINGS = NO;
				SWIFT_VERSION = 5.0;
				TARGETED_DEVICE_FAMILY = "1,2";
				TEST_TARGET_NAME = VPN;
			};
			name = Release;
		};
/* End XCBuildConfiguration section */

/* Begin XCConfigurationList section */
		A51231E42807048C005A4267 /* Build configuration list for PBXProject "VPN" */ = {
			isa = XCConfigurationList;
			buildConfigurations = (
				A512321028070491005A4267 /* Debug */,
				A512321128070491005A4267 /* Release */,
			);
			defaultConfigurationIsVisible = 0;
			defaultConfigurationName = Release;
		};
		A512321228070491005A4267 /* Build configuration list for PBXNativeTarget "VPN" */ = {
			isa = XCConfigurationList;
			buildConfigurations = (
				A512321328070491005A4267 /* Debug */,
				A512321428070491005A4267 /* Release */,
			);
			defaultConfigurationIsVisible = 0;
			defaultConfigurationName = Release;
		};
		A512321528070491005A4267 /* Build configuration list for PBXNativeTarget "VPNTests" */ = {
			isa = XCConfigurationList;
			buildConfigurations = (
				A512321628070491005A4267 /* Debug */,
				A512321728070491005A4267 /* Release */,
			);
			defaultConfigurationIsVisible = 0;
			defaultConfigurationName = Release;
		};
		A512321828070491005A4267 /* Build configuration list for PBXNativeTarget "VPNUITests" */ = {
			isa = XCConfigurationList;
			buildConfigurations = (
				A512321928070491005A4267 /* Debug */,
				A512321A28070491005A4267 /* Release */,
			);
			defaultConfigurationIsVisible = 0;
			defaultConfigurationName = Release;
		};
/* End XCConfigurationList section */

/* Begin XCVersionGroup section */
		A51231F728070490005A4267 /* VPN.xcdatamodeld */ = {
			isa = XCVersionGroup;
			children = (
				A51231F828070490005A4267 /* VPN.xcdatamodel */,
			);
			currentVersion = A51231F828070490005A4267 /* VPN.xcdatamodel */;
			path = VPN.xcdatamodeld;
			sourceTree = "<group>";
			versionGroupType = wrapper.xcdatamodel;
		};
/* End XCVersionGroup section */
	};
	rootObject = A51231E12807048C005A4267 /* Project object */;
}
